
Microsoft Visual Studio Solution File, Format Version 12.00
# Visual Studio Version 16
VisualStudioVersion = 16.0.29509.3
MinimumVisualStudioVersion = 10.0.40219.1
Project("{FAE04EC0-301F-11D3-BF4B-00C04F79EFBC}") = "UserTimeEditer", "UserTimeEditer\UserTimeEditer.csproj", "{3D19DE58-F291-488A-B663-D66CA477FBFE}"
EndProject
Project("{FAE04EC0-301F-11D3-BF4B-00C04F79EFBC}") = "TestUserTimeEditer", "TestUserTimeEditer\TestUserTimeEditer.csproj", "{8828635C-60AE-49D5-B8F7-5FE5065D13B7}"
EndProject
Global
	GlobalSection(SolutionConfigurationPlatforms) = preSolution
		Debug|Any CPU = Debug|Any CPU
		Release|Any CPU = Release|Any CPU
	EndGlobalSection
	GlobalSection(ProjectConfigurationPlatforms) = postSolution
		{3D19DE58-F291-488A-B663-D66CA477FBFE}.Debug|Any CPU.ActiveCfg = Debug|Any CPU
		{3D19DE58-F291-488A-B663-D66CA477FBFE}.Debug|Any CPU.Build.0 = Debug|Any CPU
		{3D19DE58-F291-488A-B663-D66CA477FBFE}.Release|Any CPU.ActiveCfg = Release|Any CPU
		{3D19DE58-F291-488A-B663-D66CA477FBFE}.Release|Any CPU.Build.0 = Release|Any CPU
		{8828635C-60AE-49D5-B8F7-5FE5065D13B7}.Debug|Any CPU.ActiveCfg = Debug|Any CPU
		{8828635C-60AE-49D5-B8F7-5FE5065D13B7}.Debug|Any CPU.Build.0 = Debug|Any CPU
		{8828635C-60AE-49D5-B8F7-5FE5065D13B7}.Release|Any CPU.ActiveCfg = Release|Any CPU
		{8828635C-60AE-49D5-B8F7-5FE5065D13B7}.Release|Any CPU.Build.0 = Release|Any CPU
	EndGlobalSection
	GlobalSection(SolutionProperties) = preSolution
		HideSolutionNode = FALSE
	EndGlobalSection
	GlobalSection(ExtensibilityGlobals) = postSolution
		SolutionGuid = {18C046C7-D4D9-4071-B8D0-11BD6717AB57}
	EndGlobalSection
EndGlobal
